// !$*UTF8*$!
{
	archiveVersion = 1;
	classes = {
	};
	objectVersion = 46;
	objects = {

/* Begin PBXBuildFile section */
		18A74C8D1737D94A0022DED0 /* UIKit.framework in Frameworks */ = {isa = PBXBuildFile; fileRef = 18A74C8C1737D94A0022DED0 /* UIKit.framework */; };
		18A74C8F1737D94A0022DED0 /* Foundation.framework in Frameworks */ = {isa = PBXBuildFile; fileRef = 18A74C8E1737D94A0022DED0 /* Foundation.framework */; };
		18A74C911737D94A0022DED0 /* CoreGraphics.framework in Frameworks */ = {isa = PBXBuildFile; fileRef = 18A74C901737D94A0022DED0 /* CoreGraphics.framework */; };
		18A74C971737D94A0022DED0 /* InfoPlist.strings in Resources */ = {isa = PBXBuildFile; fileRef = 18A74C951737D94A0022DED0 /* InfoPlist.strings */; };
		18A74C991737D94A0022DED0 /* main.m in Sources */ = {isa = PBXBuildFile; fileRef = 18A74C981737D94A0022DED0 /* main.m */; };
		18A74C9D1737D94A0022DED0 /* AppDelegate.m in Sources */ = {isa = PBXBuildFile; fileRef = 18A74C9C1737D94A0022DED0 /* AppDelegate.m */; };
		18A74C9F1737D94A0022DED0 /* Default.png in Resources */ = {isa = PBXBuildFile; fileRef = 18A74C9E1737D94A0022DED0 /* Default.png */; };
		18A74CA11737D94A0022DED0 /* Default@2x.png in Resources */ = {isa = PBXBuildFile; fileRef = 18A74CA01737D94A0022DED0 /* Default@2x.png */; };
		18A74CA31737D94A0022DED0 /* Default-568h@2x.png in Resources */ = {isa = PBXBuildFile; fileRef = 18A74CA21737D94A0022DED0 /* Default-568h@2x.png */; };
		18A74CA61737D94A0022DED0 /* ViewController.m in Sources */ = {isa = PBXBuildFile; fileRef = 18A74CA51737D94A0022DED0 /* ViewController.m */; };
		18A74CA91737D94A0022DED0 /* ViewController.xib in Resources */ = {isa = PBXBuildFile; fileRef = 18A74CA71737D94A0022DED0 /* ViewController.xib */; };
		18A74CB31737EC610022DED0 /* CustomTextInputViewController.m in Sources */ = {isa = PBXBuildFile; fileRef = 18A74CB11737EC610022DED0 /* CustomTextInputViewController.m */; };
		18A74CB41737EC610022DED0 /* CustomTextInputViewController.xib in Resources */ = {isa = PBXBuildFile; fileRef = 18A74CB21737EC610022DED0 /* CustomTextInputViewController.xib */; };
/* End PBXBuildFile section */

/* Begin PBXFileReference section */
		18A74C891737D94A0022DED0 /* CustomViewsDemo.app */ = {isa = PBXFileReference; explicitFileType = wrapper.application; includeInIndex = 0; path = CustomViewsDemo.app; sourceTree = BUILT_PRODUCTS_DIR; };
		18A74C8C1737D94A0022DED0 /* UIKit.framework */ = {isa = PBXFileReference; lastKnownFileType = wrapper.framework; name = UIKit.framework; path = System/Library/Frameworks/UIKit.framework; sourceTree = SDKROOT; };
		18A74C8E1737D94A0022DED0 /* Foundation.framework */ = {isa = PBXFileReference; lastKnownFileType = wrapper.framework; name = Foundation.framework; path = System/Library/Frameworks/Foundation.framework; sourceTree = SDKROOT; };
		18A74C901737D94A0022DED0 /* CoreGraphics.framework */ = {isa = PBXFileReference; lastKnownFileType = wrapper.framework; name = CoreGraphics.framework; path = System/Library/Frameworks/CoreGraphics.framework; sourceTree = SDKROOT; };
		18A74C941737D94A0022DED0 /* CustomViewsDemo-Info.plist */ = {isa = PBXFileReference; lastKnownFileType = text.plist.xml; path = "CustomViewsDemo-Info.plist"; sourceTree = "<group>"; };
		18A74C961737D94A0022DED0 /* en */ = {isa = PBXFileReference; lastKnownFileType = text.plist.strings; name = en; path = en.lproj/InfoPlist.strings; sourceTree = "<group>"; };
		18A74C981737D94A0022DED0 /* main.m */ = {isa = PBXFileReference; lastKnownFileType = sourcecode.c.objc; path = main.m; sourceTree = "<group>"; };
		18A74C9A1737D94A0022DED0 /* CustomViewsDemo-Prefix.pch */ = {isa = PBXFileReference; lastKnownFileType = sourcecode.c.h; path = "CustomViewsDemo-Prefix.pch"; sourceTree = "<group>"; };
		18A74C9B1737D94A0022DED0 /* AppDelegate.h */ = {isa = PBXFileReference; lastKnownFileType = sourcecode.c.h; path = AppDelegate.h; sourceTree = "<group>"; };
		18A74C9C1737D94A0022DED0 /* AppDelegate.m */ = {isa = PBXFileReference; lastKnownFileType = sourcecode.c.objc; path = AppDelegate.m; sourceTree = "<group>"; };
		18A74C9E1737D94A0022DED0 /* Default.png */ = {isa = PBXFileReference; lastKnownFileType = image.png; path = Default.png; sourceTree = "<group>"; };
		18A74CA01737D94A0022DED0 /* Default@2x.png */ = {isa = PBXFileReference; lastKnownFileType = image.png; path = "Default@2x.png"; sourceTree = "<group>"; };
		18A74CA21737D94A0022DED0 /* Default-568h@2x.png */ = {isa = PBXFileReference; lastKnownFileType = image.png; path = "Default-568h@2x.png"; sourceTree = "<group>"; };
		18A74CA41737D94A0022DED0 /* ViewController.h */ = {isa = PBXFileReference; lastKnownFileType = sourcecode.c.h; path = ViewController.h; sourceTree = "<group>"; };
		18A74CA51737D94A0022DED0 /* ViewController.m */ = {isa = PBXFileReference; lastKnownFileType = sourcecode.c.objc; path = ViewController.m; sourceTree = "<group>"; };
		18A74CA81737D94A0022DED0 /* en */ = {isa = PBXFileReference; lastKnownFileType = file.xib; name = en; path = en.lproj/ViewController.xib; sourceTree = "<group>"; };
		18A74CB01737EC610022DED0 /* CustomTextInputViewController.h */ = {isa = PBXFileReference; fileEncoding = 4; lastKnownFileType = sourcecode.c.h; path = CustomTextInputViewController.h; sourceTree = "<group>"; };
		18A74CB11737EC610022DED0 /* CustomTextInputViewController.m */ = {isa = PBXFileReference; fileEncoding = 4; lastKnownFileType = sourcecode.c.objc; path = CustomTextInputViewController.m; sourceTree = "<group>"; };
		18A74CB21737EC610022DED0 /* CustomTextInputViewController.xib */ = {isa = PBXFileReference; fileEncoding = 4; lastKnownFileType = file.xib; path = CustomTextInputViewController.xib; sourceTree = "<group>"; };
/* End PBXFileReference section */

/* Begin PBXFrameworksBuildPhase section */
		18A74C861737D94A0022DED0 /* Frameworks */ = {
			isa = PBXFrameworksBuildPhase;
			buildActionMask = 2147483647;
			files = (
				18A74C8D1737D94A0022DED0 /* UIKit.framework in Frameworks */,
				18A74C8F1737D94A0022DED0 /* Foundation.framework in Frameworks */,
				18A74C911737D94A0022DED0 /* CoreGraphics.framework in Frameworks */,
			);
			runOnlyForDeploymentPostprocessing = 0;
		};
/* End PBXFrameworksBuildPhase section */

/* Begin PBXGroup section */
		18A74C801737D9490022DED0 = {
			isa = PBXGroup;
			children = (
				18A74C921737D94A0022DED0 /* CustomViewsDemo */,
				18A74C8B1737D94A0022DED0 /* Frameworks */,
				18A74C8A1737D94A0022DED0 /* Products */,
			);
			sourceTree = "<group>";
		};
		18A74C8A1737D94A0022DED0 /* Products */ = {
			isa = PBXGroup;
			children = (
				18A74C891737D94A0022DED0 /* CustomViewsDemo.app */,
			);
			name = Products;
			sourceTree = "<group>";
		};
		18A74C8B1737D94A0022DED0 /* Frameworks */ = {
			isa = PBXGroup;
			children = (
				18A74C8C1737D94A0022DED0 /* UIKit.framework */,
				18A74C8E1737D94A0022DED0 /* Foundation.framework */,
				18A74C901737D94A0022DED0 /* CoreGraphics.framework */,
			);
			name = Frameworks;
			sourceTree = "<group>";
		};
		18A74C921737D94A0022DED0 /* CustomViewsDemo */ = {
			isa = PBXGroup;
			children = (
				18A74C9B1737D94A0022DED0 /* AppDelegate.h */,
				18A74C9C1737D94A0022DED0 /* AppDelegate.m */,
				18A74CA41737D94A0022DED0 /* ViewController.h */,
				18A74CA51737D94A0022DED0 /* ViewController.m */,
				18A74CA71737D94A0022DED0 /* ViewController.xib */,
				18A74CAF1737E2700022DED0 /* Custom Text Input View */,
				18A74C931737D94A0022DED0 /* Supporting Files */,
			);
			path = CustomViewsDemo;
			sourceTree = "<group>";
		};
		18A74C931737D94A0022DED0 /* Supporting Files */ = {
			isa = PBXGroup;
			children = (
				18A74C941737D94A0022DED0 /* CustomViewsDemo-Info.plist */,
				18A74C951737D94A0022DED0 /* InfoPlist.strings */,
				18A74C981737D94A0022DED0 /* main.m */,
				18A74C9A1737D94A0022DED0 /* CustomViewsDemo-Prefix.pch */,
				18A74C9E1737D94A0022DED0 /* Default.png */,
				18A74CA01737D94A0022DED0 /* Default@2x.png */,
				18A74CA21737D94A0022DED0 /* Default-568h@2x.png */,
			);
			name = "Supporting Files";
			sourceTree = "<group>";
		};
		18A74CAF1737E2700022DED0 /* Custom Text Input View */ = {
			isa = PBXGroup;
			children = (
				18A74CB01737EC610022DED0 /* CustomTextInputViewController.h */,
				18A74CB11737EC610022DED0 /* CustomTextInputViewController.m */,
				18A74CB21737EC610022DED0 /* CustomTextInputViewController.xib */,
			);
			name = "Custom Text Input View";
			sourceTree = "<group>";
		};
/* End PBXGroup section */

/* Begin PBXNativeTarget section */
		18A74C881737D94A0022DED0 /* CustomViewsDemo */ = {
			isa = PBXNativeTarget;
			buildConfigurationList = 18A74CAC1737D94A0022DED0 /* Build configuration list for PBXNativeTarget "CustomViewsDemo" */;
			buildPhases = (
				18A74C851737D94A0022DED0 /* Sources */,
				18A74C861737D94A0022DED0 /* Frameworks */,
				18A74C871737D94A0022DED0 /* Resources */,
			);
			buildRules = (
			);
			dependencies = (
			);
			name = CustomViewsDemo;
			productName = CustomViewsDemo;
			productReference = 18A74C891737D94A0022DED0 /* CustomViewsDemo.app */;
			productType = "com.apple.product-type.application";
		};
/* End PBXNativeTarget section */

/* Begin PBXProject section */
		18A74C811737D94A0022DED0 /* Project object */ = {
			isa = PBXProject;
			attributes = {
				LastUpgradeCheck = 0460;
				ORGANIZATIONNAME = apple;
			};
			buildConfigurationList = 18A74C841737D94A0022DED0 /* Build configuration list for PBXProject "CustomViewsDemo" */;
			compatibilityVersion = "Xcode 3.2";
			developmentRegion = English;
			hasScannedForEncodings = 0;
			knownRegions = (
				en,
			);
			mainGroup = 18A74C801737D9490022DED0;
			productRefGroup = 18A74C8A1737D94A0022DED0 /* Products */;
			projectDirPath = "";
			projectRoot = "";
			targets = (
				18A74C881737D94A0022DED0 /* CustomViewsDemo */,
			);
		};
/* End PBXProject section */

/* Begin PBXResourcesBuildPhase section */
		18A74C871737D94A0022DED0 /* Resources */ = {
			isa = PBXResourcesBuildPhase;
			buildActionMask = 2147483647;
			files = (
				18A74C971737D94A0022DED0 /* InfoPlist.strings in Resources */,
				18A74C9F1737D94A0022DED0 /* Default.png in Resources */,
				18A74CA11737D94A0022DED0 /* Default@2x.png in Resources */,
				18A74CA31737D94A0022DED0 /* Default-568h@2x.png in Resources */,
				18A74CA91737D94A0022DED0 /* ViewController.xib in Resources */,
				18A74CB41737EC610022DED0 /* CustomTextInputViewController.xib in Resources */,
			);
			runOnlyForDeploymentPostprocessing = 0;
		};
/* End PBXResourcesBuildPhase section */

/* Begin PBXSourcesBuildPhase section */
		18A74C851737D94A0022DED0 /* Sources */ = {
			isa = PBXSourcesBuildPhase;
			buildActionMask = 2147483647;
			files = (
				18A74C991737D94A0022DED0 /* main.m in Sources */,
				18A74C9D1737D94A0022DED0 /* AppDelegate.m in Sources */,
				18A74CA61737D94A0022DED0 /* ViewController.m in Sources */,
				18A74CB31737EC610022DED0 /* CustomTextInputViewController.m in Sources */,
			);
			runOnlyForDeploymentPostprocessing = 0;
		};
/* End PBXSourcesBuildPhase section */

/* Begin PBXVariantGroup section */
		18A74C951737D94A0022DED0 /* InfoPlist.strings */ = {
			isa = PBXVariantGroup;
			children = (
				18A74C961737D94A0022DED0 /* en */,
			);
			name = InfoPlist.strings;
			sourceTree = "<group>";
		};
		18A74CA71737D94A0022DED0 /* ViewController.xib */ = {
			isa = PBXVariantGroup;
			children = (
				18A74CA81737D94A0022DED0 /* en */,
			);
			name = ViewController.xib;
			sourceTree = "<group>";
		};
/* End PBXVariantGroup section */

/* Begin XCBuildConfiguration section */
		18A74CAA1737D94A0022DED0 /* Debug */ = {
			isa = XCBuildConfiguration;
			buildSettings = {
				ALWAYS_SEARCH_USER_PATHS = NO;
				CLANG_CXX_LANGUAGE_STANDARD = "gnu++0x";
				CLANG_CXX_LIBRARY = "libc++";
				CLANG_ENABLE_OBJC_ARC = YES;
				CLANG_WARN_CONSTANT_CONVERSION = YES;
				CLANG_WARN_EMPTY_BODY = YES;
				CLANG_WARN_ENUM_CONVERSION = YES;
				CLANG_WARN_INT_CONVERSION = YES;
				CLANG_WARN__DUPLICATE_METHOD_MATCH = YES;
				"CODE_SIGN_IDENTITY[sdk=iphoneos*]" = "iPhone Developer";
				COPY_PHASE_STRIP = NO;
				GCC_C_LANGUAGE_STANDARD = gnu99;
				GCC_DYNAMIC_NO_PIC = NO;
				GCC_OPTIMIZATION_LEVEL = 0;
				GCC_PREPROCESSOR_DEFINITIONS = (
					"DEBUG=1",
					"$(inherited)",
				);
				GCC_SYMBOLS_PRIVATE_EXTERN = NO;
				GCC_WARN_ABOUT_RETURN_TYPE = YES;
				GCC_WARN_UNINITIALIZED_AUTOS = YES;
				GCC_WARN_UNUSED_VARIABLE = YES;
				IPHONEOS_DEPLOYMENT_TARGET = 6.1;
				ONLY_ACTIVE_ARCH = YES;
				SDKROOT = iphoneos;
			};
			name = Debug;
		};
		18A74CAB1737D94A0022DED0 /* Release */ = {
			isa = XCBuildConfiguration;
			buildSettings = {
				ALWAYS_SEARCH_USER_PATHS = NO;
				CLANG_CXX_LANGUAGE_STANDARD = "gnu++0x";
				CLANG_CXX_LIBRARY = "libc++";
				CLANG_ENABLE_OBJC_ARC = YES;
				CLANG_WARN_CONSTANT_CONVERSION = YES;
				CLANG_WARN_EMPTY_BODY = YES;
				CLANG_WARN_ENUM_CONVERSION = YES;
				CLANG_WARN_INT_CONVERSION = YES;
				CLANG_WARN__DUPLICATE_METHOD_MATCH = YES;
				"CODE_SIGN_IDENTITY[sdk=iphoneos*]" = "iPhone Developer";
				COPY_PHASE_STRIP = YES;
				GCC_C_LANGUAGE_STANDARD = gnu99;
				GCC_WARN_ABOUT_RETURN_TYPE = YES;
				GCC_WARN_UNINITIALIZED_AUTOS = YES;
				GCC_WARN_UNUSED_VARIABLE = YES;
				IPHONEOS_DEPLOYMENT_TARGET = 6.1;
				OTHER_CFLAGS = "-DNS_BLOCK_ASSERTIONS=1";
				SDKROOT = iphoneos;
				VALIDATE_PRODUCT = YES;
			};
			name = Release;
		};
		18A74CAD1737D94A0022DED0 /* Debug */ = {
			isa = XCBuildConfiguration;
			buildSettings = {
				GCC_PRECOMPILE_PREFIX_HEADER = YES;
				GCC_PREFIX_HEADER = "CustomViewsDemo/CustomViewsDemo-Prefix.pch";
				INFOPLIST_FILE = "CustomViewsDemo/CustomViewsDemo-Info.plist";
				PRODUCT_NAME = "$(TARGET_NAME)";
				WRAPPER_EXTENSION = app;
			};
			name = Debug;
		};
		18A74CAE1737D94A0022DED0 /* Release */ = {
			isa = XCBuildConfiguration;
			buildSettings = {
				GCC_PRECOMPILE_PREFIX_HEADER = YES;
				GCC_PREFIX_HEADER = "CustomViewsDemo/CustomViewsDemo-Prefix.pch";
				INFOPLIST_FILE = "CustomViewsDemo/CustomViewsDemo-Info.plist";
				PRODUCT_NAME = "$(TARGET_NAME)";
				WRAPPER_EXTENSION = app;
			};
			name = Release;
		};
/* End XCBuildConfiguration section */

/* Begin XCConfigurationList section */
		18A74C841737D94A0022DED0 /* Build configuration list for PBXProject "CustomViewsDemo" */ = {
			isa = XCConfigurationList;
			buildConfigurations = (
				18A74CAA1737D94A0022DED0 /* Debug */,
				18A74CAB1737D94A0022DED0 /* Release */,
			);
			defaultConfigurationIsVisible = 0;
			defaultConfigurationName = Release;
		};
		18A74CAC1737D94A0022DED0 /* Build configuration list for PBXNativeTarget "CustomViewsDemo" */ = {
			isa = XCConfigurationList;
			buildConfigurations = (
				18A74CAD1737D94A0022DED0 /* Debug */,
				18A74CAE1737D94A0022DED0 /* Release */,
			);
			defaultConfigurationIsVisible = 0;
		};
/* End XCConfigurationList section */
	};
	rootObject = 18A74C811737D94A0022DED0 /* Project object */;
}
